// !$*UTF8*$!
{
	archiveVersion = 1;
	classes = {
	};
	objectVersion = 77;
	objects = {

/* Begin PBXBuildFile section */
		F6B357EA2CEA7BFD003A7939 /* Secrets.swift in Sources */ = {isa = PBXBuildFile; fileRef = F6B357E92CEA7BFA003A7939 /* Secrets.swift */; };
		F6B358012CED0D7A003A7939 /* SwiftSoup in Frameworks */ = {isa = PBXBuildFile; productRef = F6B358002CED0D7A003A7939 /* SwiftSoup */; };
		F6EA830E2CD0279A00718457 /* GoogleService-Info.plist in Resources */ = {isa = PBXBuildFile; fileRef = F6EA830D2CD0279A00718457 /* GoogleService-Info.plist */; };
		F6EA83112CD0280B00718457 /* FirebaseAuth in Frameworks */ = {isa = PBXBuildFile; productRef = F6EA83102CD0280B00718457 /* FirebaseAuth */; };
		F6EA83132CD0280B00718457 /* FirebaseCore in Frameworks */ = {isa = PBXBuildFile; productRef = F6EA83122CD0280B00718457 /* FirebaseCore */; };
		F6EA83152CD0280B00718457 /* FirebaseFirestore in Frameworks */ = {isa = PBXBuildFile; productRef = F6EA83142CD0280B00718457 /* FirebaseFirestore */; };
		F6EA83172CD0280B00718457 /* FirebaseStorage in Frameworks */ = {isa = PBXBuildFile; productRef = F6EA83162CD0280B00718457 /* FirebaseStorage */; };
		F6EA837A2CD586A900718457 /* SwiftUIX in Frameworks */ = {isa = PBXBuildFile; productRef = F6EA83792CD586A900718457 /* SwiftUIX */; };
/* End PBXBuildFile section */

/* Begin PBXContainerItemProxy section */
		F6EA82E62CD0259C00718457 /* PBXContainerItemProxy */ = {
			isa = PBXContainerItemProxy;
			containerPortal = F6EA82CD2CD0259A00718457 /* Project object */;
			proxyType = 1;
			remoteGlobalIDString = F6EA82D42CD0259A00718457;
			remoteInfo = Livelink;
		};
		F6EA82F02CD0259C00718457 /* PBXContainerItemProxy */ = {
			isa = PBXContainerItemProxy;
			containerPortal = F6EA82CD2CD0259A00718457 /* Project object */;
			proxyType = 1;
			remoteGlobalIDString = F6EA82D42CD0259A00718457;
			remoteInfo = Livelink;
		};
/* End PBXContainerItemProxy section */

/* Begin PBXFileReference section */
		F6B357E92CEA7BFA003A7939 /* Secrets.swift */ = {isa = PBXFileReference; lastKnownFileType = sourcecode.swift; path = Secrets.swift; sourceTree = "<group>"; };
		F6EA82D52CD0259A00718457 /* Livelink.app */ = {isa = PBXFileReference; explicitFileType = wrapper.application; includeInIndex = 0; path = Livelink.app; sourceTree = BUILT_PRODUCTS_DIR; };
		F6EA82E52CD0259C00718457 /* LivelinkTests.xctest */ = {isa = PBXFileReference; explicitFileType = wrapper.cfbundle; includeInIndex = 0; path = LivelinkTests.xctest; sourceTree = BUILT_PRODUCTS_DIR; };
		F6EA82EF2CD0259C00718457 /* LivelinkUITests.xctest */ = {isa = PBXFileReference; explicitFileType = wrapper.cfbundle; includeInIndex = 0; path = LivelinkUITests.xctest; sourceTree = BUILT_PRODUCTS_DIR; };
		F6EA830D2CD0279A00718457 /* GoogleService-Info.plist */ = {isa = PBXFileReference; lastKnownFileType = text.plist.xml; path = "GoogleService-Info.plist"; sourceTree = "<group>"; };
/* End PBXFileReference section */

/* Begin PBXFileSystemSynchronizedRootGroup section */
		F6EA82D72CD0259A00718457 /* Livelink */ = {
			isa = PBXFileSystemSynchronizedRootGroup;
			path = Livelink;
			sourceTree = "<group>";
		};
		F6EA82E82CD0259C00718457 /* LivelinkTests */ = {
			isa = PBXFileSystemSynchronizedRootGroup;
			path = LivelinkTests;
			sourceTree = "<group>";
		};
		F6EA82F22CD0259C00718457 /* LivelinkUITests */ = {
			isa = PBXFileSystemSynchronizedRootGroup;
			path = LivelinkUITests;
			sourceTree = "<group>";
		};
/* End PBXFileSystemSynchronizedRootGroup section */

/* Begin PBXFrameworksBuildPhase section */
		F6EA82D22CD0259A00718457 /* Frameworks */ = {
			isa = PBXFrameworksBuildPhase;
			buildActionMask = 2147483647;
			files = (
				F6EA83132CD0280B00718457 /* FirebaseCore in Frameworks */,
				F6EA83172CD0280B00718457 /* FirebaseStorage in Frameworks */,
				F6EA83112CD0280B00718457 /* FirebaseAuth in Frameworks */,
				F6EA837A2CD586A900718457 /* SwiftUIX in Frameworks */,
				F6EA83152CD0280B00718457 /* FirebaseFirestore in Frameworks */,
				F6B358012CED0D7A003A7939 /* SwiftSoup in Frameworks */,
			);
			runOnlyForDeploymentPostprocessing = 0;
		};
		F6EA82E22CD0259C00718457 /* Frameworks */ = {
			isa = PBXFrameworksBuildPhase;
			buildActionMask = 2147483647;
			files = (
			);
			runOnlyForDeploymentPostprocessing = 0;
		};
		F6EA82EC2CD0259C00718457 /* Frameworks */ = {
			isa = PBXFrameworksBuildPhase;
			buildActionMask = 2147483647;
			files = (
			);
			runOnlyForDeploymentPostprocessing = 0;
		};
/* End PBXFrameworksBuildPhase section */

/* Begin PBXGroup section */
		F6EA82CC2CD0259A00718457 = {
			isa = PBXGroup;
			children = (
				F6B357E92CEA7BFA003A7939 /* Secrets.swift */,
				F6EA830D2CD0279A00718457 /* GoogleService-Info.plist */,
				F6EA82D72CD0259A00718457 /* Livelink */,
				F6EA82E82CD0259C00718457 /* LivelinkTests */,
				F6EA82F22CD0259C00718457 /* LivelinkUITests */,
				F6EA82D62CD0259A00718457 /* Products */,
			);
			sourceTree = "<group>";
		};
		F6EA82D62CD0259A00718457 /* Products */ = {
			isa = PBXGroup;
			children = (
				F6EA82D52CD0259A00718457 /* Livelink.app */,
				F6EA82E52CD0259C00718457 /* LivelinkTests.xctest */,
				F6EA82EF2CD0259C00718457 /* LivelinkUITests.xctest */,
			);
			name = Products;
			sourceTree = "<group>";
		};
/* End PBXGroup section */

/* Begin PBXNativeTarget section */
		F6EA82D42CD0259A00718457 /* Livelink */ = {
			isa = PBXNativeTarget;
			buildConfigurationList = F6EA82F92CD0259C00718457 /* Build configuration list for PBXNativeTarget "Livelink" */;
			buildPhases = (
				F6EA82D12CD0259A00718457 /* Sources */,
				F6EA82D22CD0259A00718457 /* Frameworks */,
				F6EA82D32CD0259A00718457 /* Resources */,
			);
			buildRules = (
			);
			dependencies = (
			);
			fileSystemSynchronizedGroups = (
				F6EA82D72CD0259A00718457 /* Livelink */,
			);
			name = Livelink;
			packageProductDependencies = (
				F6EA83102CD0280B00718457 /* FirebaseAuth */,
				F6EA83122CD0280B00718457 /* FirebaseCore */,
				F6EA83142CD0280B00718457 /* FirebaseFirestore */,
				F6EA83162CD0280B00718457 /* FirebaseStorage */,
				F6EA83792CD586A900718457 /* SwiftUIX */,
				F6B358002CED0D7A003A7939 /* SwiftSoup */,
			);
			productName = Livelink;
			productReference = F6EA82D52CD0259A00718457 /* Livelink.app */;
			productType = "com.apple.product-type.application";
		};
		F6EA82E42CD0259C00718457 /* LivelinkTests */ = {
			isa = PBXNativeTarget;
			buildConfigurationList = F6EA82FC2CD0259C00718457 /* Build configuration list for PBXNativeTarget "LivelinkTests" */;
			buildPhases = (
				F6EA82E12CD0259C00718457 /* Sources */,
				F6EA82E22CD0259C00718457 /* Frameworks */,
				F6EA82E32CD0259C00718457 /* Resources */,
			);
			buildRules = (
			);
			dependencies = (
				F6EA82E72CD0259C00718457 /* PBXTargetDependency */,
			);
			fileSystemSynchronizedGroups = (
				F6EA82E82CD0259C00718457 /* LivelinkTests */,
			);
			name = LivelinkTests;
			packageProductDependencies = (
			);
			productName = LivelinkTests;
			productReference = F6EA82E52CD0259C00718457 /* LivelinkTests.xctest */;
			productType = "com.apple.product-type.bundle.unit-test";
		};
		F6EA82EE2CD0259C00718457 /* LivelinkUITests */ = {
			isa = PBXNativeTarget;
			buildConfigurationList = F6EA82FF2CD0259C00718457 /* Build configuration list for PBXNativeTarget "LivelinkUITests" */;
			buildPhases = (
				F6EA82EB2CD0259C00718457 /* Sources */,
				F6EA82EC2CD0259C00718457 /* Frameworks */,
				F6EA82ED2CD0259C00718457 /* Resources */,
			);
			buildRules = (
			);
			dependencies = (
				F6EA82F12CD0259C00718457 /* PBXTargetDependency */,
			);
			fileSystemSynchronizedGroups = (
				F6EA82F22CD0259C00718457 /* LivelinkUITests */,
			);
			name = LivelinkUITests;
			packageProductDependencies = (
			);
			productName = LivelinkUITests;
			productReference = F6EA82EF2CD0259C00718457 /* LivelinkUITests.xctest */;
			productType = "com.apple.product-type.bundle.ui-testing";
		};
/* End PBXNativeTarget section */

/* Begin PBXProject section */
		F6EA82CD2CD0259A00718457 /* Project object */ = {
			isa = PBXProject;
			attributes = {
				BuildIndependentTargetsInParallel = 1;
				LastSwiftUpdateCheck = 1600;
				LastUpgradeCheck = 1600;
				TargetAttributes = {
					F6EA82D42CD0259A00718457 = {
						CreatedOnToolsVersion = 16.0;
					};
					F6EA82E42CD0259C00718457 = {
						CreatedOnToolsVersion = 16.0;
						TestTargetID = F6EA82D42CD0259A00718457;
					};
					F6EA82EE2CD0259C00718457 = {
						CreatedOnToolsVersion = 16.0;
						TestTargetID = F6EA82D42CD0259A00718457;
					};
				};
			};
			buildConfigurationList = F6EA82D02CD0259A00718457 /* Build configuration list for PBXProject "Livelink" */;
			developmentRegion = en;
			hasScannedForEncodings = 0;
			knownRegions = (
				en,
				Base,
			);
			mainGroup = F6EA82CC2CD0259A00718457;
			minimizedProjectReferenceProxies = 1;
			packageReferences = (
				F6EA830F2CD0280B00718457 /* XCRemoteSwiftPackageReference "firebase-ios-sdk" */,
				F6EA83782CD586A900718457 /* XCRemoteSwiftPackageReference "SwiftUIX" */,
				F6B357FF2CED0D7A003A7939 /* XCRemoteSwiftPackageReference "SwiftSoup" */,
			);
			preferredProjectObjectVersion = 77;
			productRefGroup = F6EA82D62CD0259A00718457 /* Products */;
			projectDirPath = "";
			projectRoot = "";
			targets = (
				F6EA82D42CD0259A00718457 /* Livelink */,
				F6EA82E42CD0259C00718457 /* LivelinkTests */,
				F6EA82EE2CD0259C00718457 /* LivelinkUITests */,
			);
		};
/* End PBXProject section */

/* Begin PBXResourcesBuildPhase section */
		F6EA82D32CD0259A00718457 /* Resources */ = {
			isa = PBXResourcesBuildPhase;
			buildActionMask = 2147483647;
			files = (
				F6EA830E2CD0279A00718457 /* GoogleService-Info.plist in Resources */,
			);
			runOnlyForDeploymentPostprocessing = 0;
		};
		F6EA82E32CD0259C00718457 /* Resources */ = {
			isa = PBXResourcesBuildPhase;
			buildActionMask = 2147483647;
			files = (
			);
			runOnlyForDeploymentPostprocessing = 0;
		};
		F6EA82ED2CD0259C00718457 /* Resources */ = {
			isa = PBXResourcesBuildPhase;
			buildActionMask = 2147483647;
			files = (
			);
			runOnlyForDeploymentPostprocessing = 0;
		};
/* End PBXResourcesBuildPhase section */

/* Begin PBXSourcesBuildPhase section */
		F6EA82D12CD0259A00718457 /* Sources */ = {
			isa = PBXSourcesBuildPhase;
			buildActionMask = 2147483647;
			files = (
				F6B357EA2CEA7BFD003A7939 /* Secrets.swift in Sources */,
			);
			runOnlyForDeploymentPostprocessing = 0;
		};
		F6EA82E12CD0259C00718457 /* Sources */ = {
			isa = PBXSourcesBuildPhase;
			buildActionMask = 2147483647;
			files = (
			);
			runOnlyForDeploymentPostprocessing = 0;
		};
		F6EA82EB2CD0259C00718457 /* Sources */ = {
			isa = PBXSourcesBuildPhase;
			buildActionMask = 2147483647;
			files = (
			);
			runOnlyForDeploymentPostprocessing = 0;
		};
/* End PBXSourcesBuildPhase section */

/* Begin PBXTargetDependency section */
		F6EA82E72CD0259C00718457 /* PBXTargetDependency */ = {
			isa = PBXTargetDependency;
			target = F6EA82D42CD0259A00718457 /* Livelink */;
			targetProxy = F6EA82E62CD0259C00718457 /* PBXContainerItemProxy */;
		};
		F6EA82F12CD0259C00718457 /* PBXTargetDependency */ = {
			isa = PBXTargetDependency;
			target = F6EA82D42CD0259A00718457 /* Livelink */;
			targetProxy = F6EA82F02CD0259C00718457 /* PBXContainerItemProxy */;
		};
/* End PBXTargetDependency section */

/* Begin XCBuildConfiguration section */
		F6EA82F72CD0259C00718457 /* Debug */ = {
			isa = XCBuildConfiguration;
			buildSettings = {
				ALWAYS_SEARCH_USER_PATHS = NO;
				ASSETCATALOG_COMPILER_GENERATE_SWIFT_ASSET_SYMBOL_EXTENSIONS = YES;
				CLANG_ANALYZER_NONNULL = YES;
				CLANG_ANALYZER_NUMBER_OBJECT_CONVERSION = YES_AGGRESSIVE;
				CLANG_CXX_LANGUAGE_STANDARD = "gnu++20";
				CLANG_ENABLE_MODULES = YES;
				CLANG_ENABLE_OBJC_ARC = YES;
				CLANG_ENABLE_OBJC_WEAK = YES;
				CLANG_WARN_BLOCK_CAPTURE_AUTORELEASING = YES;
				CLANG_WARN_BOOL_CONVERSION = YES;
				CLANG_WARN_COMMA = YES;
				CLANG_WARN_CONSTANT_CONVERSION = YES;
				CLANG_WARN_DEPRECATED_OBJC_IMPLEMENTATIONS = YES;
				CLANG_WARN_DIRECT_OBJC_ISA_USAGE = YES_ERROR;
				CLANG_WARN_DOCUMENTATION_COMMENTS = YES;
				CLANG_WARN_EMPTY_BODY = YES;
				CLANG_WARN_ENUM_CONVERSION = YES;
				CLANG_WARN_INFINITE_RECURSION = YES;
				CLANG_WARN_INT_CONVERSION = YES;
				CLANG_WARN_NON_LITERAL_NULL_CONVERSION = YES;
				CLANG_WARN_OBJC_IMPLICIT_RETAIN_SELF = YES;
				CLANG_WARN_OBJC_LITERAL_CONVERSION = YES;
				CLANG_WARN_OBJC_ROOT_CLASS = YES_ERROR;
				CLANG_WARN_QUOTED_INCLUDE_IN_FRAMEWORK_HEADER = YES;
				CLANG_WARN_RANGE_LOOP_ANALYSIS = YES;
				CLANG_WARN_STRICT_PROTOTYPES = YES;
				CLANG_WARN_SUSPICIOUS_MOVE = YES;
				CLANG_WARN_UNGUARDED_AVAILABILITY = YES_AGGRESSIVE;
				CLANG_WARN_UNREACHABLE_CODE = YES;
				CLANG_WARN__DUPLICATE_METHOD_MATCH = YES;
				COPY_PHASE_STRIP = NO;
				DEBUG_INFORMATION_FORMAT = dwarf;
				ENABLE_STRICT_OBJC_MSGSEND = YES;
				ENABLE_TESTABILITY = YES;
				ENABLE_USER_SCRIPT_SANDBOXING = YES;
				GCC_C_LANGUAGE_STANDARD = gnu17;
				GCC_DYNAMIC_NO_PIC = NO;
				GCC_NO_COMMON_BLOCKS = YES;
				GCC_OPTIMIZATION_LEVEL = 0;
				GCC_PREPROCESSOR_DEFINITIONS = (
					"DEBUG=1",
					"$(inherited)",
				);
				GCC_WARN_64_TO_32_BIT_CONVERSION = YES;
				GCC_WARN_ABOUT_RETURN_TYPE = YES_ERROR;
				GCC_WARN_UNDECLARED_SELECTOR = YES;
				GCC_WARN_UNINITIALIZED_AUTOS = YES_AGGRESSIVE;
				GCC_WARN_UNUSED_FUNCTION = YES;
				GCC_WARN_UNUSED_VARIABLE = YES;
				IPHONEOS_DEPLOYMENT_TARGET = 18.0;
				LOCALIZATION_PREFERS_STRING_CATALOGS = YES;
				MTL_ENABLE_DEBUG_INFO = INCLUDE_SOURCE;
				MTL_FAST_MATH = YES;
				ONLY_ACTIVE_ARCH = YES;
				SDKROOT = iphoneos;
				SWIFT_ACTIVE_COMPILATION_CONDITIONS = "DEBUG $(inherited)";
				SWIFT_OPTIMIZATION_LEVEL = "-Onone";
			};
			name = Debug;
		};
		F6EA82F82CD0259C00718457 /* Release */ = {
			isa = XCBuildConfiguration;
			buildSettings = {
				ALWAYS_SEARCH_USER_PATHS = NO;
				ASSETCATALOG_COMPILER_GENERATE_SWIFT_ASSET_SYMBOL_EXTENSIONS = YES;
				CLANG_ANALYZER_NONNULL = YES;
				CLANG_ANALYZER_NUMBER_OBJECT_CONVERSION = YES_AGGRESSIVE;
				CLANG_CXX_LANGUAGE_STANDARD = "gnu++20";
				CLANG_ENABLE_MODULES = YES;
				CLANG_ENABLE_OBJC_ARC = YES;
				CLANG_ENABLE_OBJC_WEAK = YES;
				CLANG_WARN_BLOCK_CAPTURE_AUTORELEASING = YES;
				CLANG_WARN_BOOL_CONVERSION = YES;
				CLANG_WARN_COMMA = YES;
				CLANG_WARN_CONSTANT_CONVERSION = YES;
				CLANG_WARN_DEPRECATED_OBJC_IMPLEMENTATIONS = YES;
				CLANG_WARN_DIRECT_OBJC_ISA_USAGE = YES_ERROR;
				CLANG_WARN_DOCUMENTATION_COMMENTS = YES;
				CLANG_WARN_EMPTY_BODY = YES;
				CLANG_WARN_ENUM_CONVERSION = YES;
				CLANG_WARN_INFINITE_RECURSION = YES;
				CLANG_WARN_INT_CONVERSION = YES;
				CLANG_WARN_NON_LITERAL_NULL_CONVERSION = YES;
				CLANG_WARN_OBJC_IMPLICIT_RETAIN_SELF = YES;
				CLANG_WARN_OBJC_LITERAL_CONVERSION = YES;
				CLANG_WARN_OBJC_ROOT_CLASS = YES_ERROR;
				CLANG_WARN_QUOTED_INCLUDE_IN_FRAMEWORK_HEADER = YES;
				CLANG_WARN_RANGE_LOOP_ANALYSIS = YES;
				CLANG_WARN_STRICT_PROTOTYPES = YES;
				CLANG_WARN_SUSPICIOUS_MOVE = YES;
				CLANG_WARN_UNGUARDED_AVAILABILITY = YES_AGGRESSIVE;
				CLANG_WARN_UNREACHABLE_CODE = YES;
				CLANG_WARN__DUPLICATE_METHOD_MATCH = YES;
				COPY_PHASE_STRIP = NO;
				DEBUG_INFORMATION_FORMAT = "dwarf-with-dsym";
				ENABLE_NS_ASSERTIONS = NO;
				ENABLE_STRICT_OBJC_MSGSEND = YES;
				ENABLE_USER_SCRIPT_SANDBOXING = YES;
				GCC_C_LANGUAGE_STANDARD = gnu17;
				GCC_NO_COMMON_BLOCKS = YES;
				GCC_WARN_64_TO_32_BIT_CONVERSION = YES;
				GCC_WARN_ABOUT_RETURN_TYPE = YES_ERROR;
				GCC_WARN_UNDECLARED_SELECTOR = YES;
				GCC_WARN_UNINITIALIZED_AUTOS = YES_AGGRESSIVE;
				GCC_WARN_UNUSED_FUNCTION = YES;
				GCC_WARN_UNUSED_VARIABLE = YES;
				IPHONEOS_DEPLOYMENT_TARGET = 18.0;
				LOCALIZATION_PREFERS_STRING_CATALOGS = YES;
				MTL_ENABLE_DEBUG_INFO = NO;
				MTL_FAST_MATH = YES;
				SDKROOT = iphoneos;
				SWIFT_COMPILATION_MODE = wholemodule;
				VALIDATE_PRODUCT = YES;
			};
			name = Release;
		};
		F6EA82FA2CD0259C00718457 /* Debug */ = {
			isa = XCBuildConfiguration;
			buildSettings = {
				ASSETCATALOG_COMPILER_APPICON_NAME = AppIcon;
				ASSETCATALOG_COMPILER_GLOBAL_ACCENT_COLOR_NAME = AccentColor;
				CODE_SIGN_STYLE = Automatic;
				CURRENT_PROJECT_VERSION = 1;
				DEVELOPMENT_ASSET_PATHS = "\"Livelink/Preview Content\"";
				DEVELOPMENT_TEAM = 5H64FJP5PA;
				ENABLE_PREVIEWS = YES;
				GENERATE_INFOPLIST_FILE = YES;
				INFOPLIST_KEY_CFBundleDisplayName = LiveLink;
				INFOPLIST_KEY_LSApplicationCategoryType = "public.app-category.social-networking";
				INFOPLIST_KEY_UIApplicationSceneManifest_Generation = YES;
				INFOPLIST_KEY_UIApplicationSupportsIndirectInputEvents = YES;
				INFOPLIST_KEY_UILaunchScreen_Generation = YES;
				INFOPLIST_KEY_UISupportedInterfaceOrientations = UIInterfaceOrientationPortrait;
				INFOPLIST_KEY_UISupportedInterfaceOrientations_iPad = "UIInterfaceOrientationLandscapeLeft UIInterfaceOrientationLandscapeRight UIInterfaceOrientationPortrait UIInterfaceOrientationPortraitUpsideDown";
				IPHONEOS_DEPLOYMENT_TARGET = 16.6;
				LD_RUNPATH_SEARCH_PATHS = (
					"$(inherited)",
					"@executable_path/Frameworks",
				);
				MARKETING_VERSION = 1.0;
				PRODUCT_BUNDLE_IDENTIFIER = com.Livelink;
				PRODUCT_NAME = "$(TARGET_NAME)";
				SUPPORTED_PLATFORMS = "iphoneos iphonesimulator";
				SUPPORTS_MACCATALYST = NO;
				SUPPORTS_MAC_DESIGNED_FOR_IPHONE_IPAD = NO;
				SUPPORTS_XR_DESIGNED_FOR_IPHONE_IPAD = NO;
				SWIFT_EMIT_LOC_STRINGS = YES;
				SWIFT_VERSION = 5.0;
				TARGETED_DEVICE_FAMILY = 1;
			};
			name = Debug;
		};
		F6EA82FB2CD0259C00718457 /* Release */ = {
			isa = XCBuildConfiguration;
			buildSettings = {
				ASSETCATALOG_COMPILER_APPICON_NAME = AppIcon;
				ASSETCATALOG_COMPILER_GLOBAL_ACCENT_COLOR_NAME = AccentColor;
				CODE_SIGN_STYLE = Automatic;
				CURRENT_PROJECT_VERSION = 1;
				DEVELOPMENT_ASSET_PATHS = "\"Livelink/Preview Content\"";
				DEVELOPMENT_TEAM = 5H64FJP5PA;
				ENABLE_PREVIEWS = YES;
				GENERATE_INFOPLIST_FILE = YES;
				INFOPLIST_KEY_CFBundleDisplayName = LiveLink;
				INFOPLIST_KEY_LSApplicationCategoryType = "public.app-category.social-networking";
				INFOPLIST_KEY_UIApplicationSceneManifest_Generation = YES;
				INFOPLIST_KEY_UIApplicationSupportsIndirectInputEvents = YES;
				INFOPLIST_KEY_UILaunchScreen_Generation = YES;
				INFOPLIST_KEY_UISupportedInterfaceOrientations = UIInterfaceOrientationPortrait;
				INFOPLIST_KEY_UISupportedInterfaceOrientations_iPad = "UIInterfaceOrientationLandscapeLeft UIInterfaceOrientationLandscapeRight UIInterfaceOrientationPortrait UIInterfaceOrientationPortraitUpsideDown";
				IPHONEOS_DEPLOYMENT_TARGET = 16.6;
				LD_RUNPATH_SEARCH_PATHS = (
					"$(inherited)",
					"@executable_path/Frameworks",
				);
				MARKETING_VERSION = 1.0;
				PRODUCT_BUNDLE_IDENTIFIER = com.Livelink;
				PRODUCT_NAME = "$(TARGET_NAME)";
				SUPPORTED_PLATFORMS = "iphoneos iphonesimulator";
				SUPPORTS_MACCATALYST = NO;
				SUPPORTS_MAC_DESIGNED_FOR_IPHONE_IPAD = NO;
				SUPPORTS_XR_DESIGNED_FOR_IPHONE_IPAD = NO;
				SWIFT_EMIT_LOC_STRINGS = YES;
				SWIFT_VERSION = 5.0;
				TARGETED_DEVICE_FAMILY = 1;
			};
			name = Release;
		};
		F6EA82FD2CD0259C00718457 /* Debug */ = {
			isa = XCBuildConfiguration;
			buildSettings = {
				BUNDLE_LOADER = "$(TEST_HOST)";
				CODE_SIGN_STYLE = Automatic;
				CURRENT_PROJECT_VERSION = 1;
				DEVELOPMENT_TEAM = 5H64FJP5PA;
				GENERATE_INFOPLIST_FILE = YES;
				IPHONEOS_DEPLOYMENT_TARGET = 18.0;
				MARKETING_VERSION = 1.0;
				PRODUCT_BUNDLE_IDENTIFIER = com.LivelinkTests;
				PRODUCT_NAME = "$(TARGET_NAME)";
				SWIFT_EMIT_LOC_STRINGS = NO;
				SWIFT_VERSION = 5.0;
				TARGETED_DEVICE_FAMILY = "1,2";
				TEST_HOST = "$(BUILT_PRODUCTS_DIR)/Livelink.app/$(BUNDLE_EXECUTABLE_FOLDER_PATH)/Livelink";
			};
			name = Debug;
		};
		F6EA82FE2CD0259C00718457 /* Release */ = {
			isa = XCBuildConfiguration;
			buildSettings = {
				BUNDLE_LOADER = "$(TEST_HOST)";
				CODE_SIGN_STYLE = Automatic;
				CURRENT_PROJECT_VERSION = 1;
				DEVELOPMENT_TEAM = 5H64FJP5PA;
				GENERATE_INFOPLIST_FILE = YES;
				IPHONEOS_DEPLOYMENT_TARGET = 18.0;
				MARKETING_VERSION = 1.0;
				PRODUCT_BUNDLE_IDENTIFIER = com.LivelinkTests;
				PRODUCT_NAME = "$(TARGET_NAME)";
				SWIFT_EMIT_LOC_STRINGS = NO;
				SWIFT_VERSION = 5.0;
				TARGETED_DEVICE_FAMILY = "1,2";
				TEST_HOST = "$(BUILT_PRODUCTS_DIR)/Livelink.app/$(BUNDLE_EXECUTABLE_FOLDER_PATH)/Livelink";
			};
			name = Release;
		};
		F6EA83002CD0259C00718457 /* Debug */ = {
			isa = XCBuildConfiguration;
			buildSettings = {
				CODE_SIGN_STYLE = Automatic;
				CURRENT_PROJECT_VERSION = 1;
				DEVELOPMENT_TEAM = 5H64FJP5PA;
				GENERATE_INFOPLIST_FILE = YES;
				MARKETING_VERSION = 1.0;
				PRODUCT_BUNDLE_IDENTIFIER = com.LivelinkUITests;
				PRODUCT_NAME = "$(TARGET_NAME)";
				SWIFT_EMIT_LOC_STRINGS = NO;
				SWIFT_VERSION = 5.0;
				TARGETED_DEVICE_FAMILY = "1,2";
				TEST_TARGET_NAME = Livelink;
			};
			name = Debug;
		};
		F6EA83012CD0259C00718457 /* Release */ = {
			isa = XCBuildConfiguration;
			buildSettings = {
				CODE_SIGN_STYLE = Automatic;
				CURRENT_PROJECT_VERSION = 1;
				DEVELOPMENT_TEAM = 5H64FJP5PA;
				GENERATE_INFOPLIST_FILE = YES;
				MARKETING_VERSION = 1.0;
				PRODUCT_BUNDLE_IDENTIFIER = com.LivelinkUITests;
				PRODUCT_NAME = "$(TARGET_NAME)";
				SWIFT_EMIT_LOC_STRINGS = NO;
				SWIFT_VERSION = 5.0;
				TARGETED_DEVICE_FAMILY = "1,2";
				TEST_TARGET_NAME = Livelink;
			};
			name = Release;
		};
/* End XCBuildConfiguration section */

/* Begin XCConfigurationList section */
		F6EA82D02CD0259A00718457 /* Build configuration list for PBXProject "Livelink" */ = {
			isa = XCConfigurationList;
			buildConfigurations = (
				F6EA82F72CD0259C00718457 /* Debug */,
				F6EA82F82CD0259C00718457 /* Release */,
			);
			defaultConfigurationIsVisible = 0;
			defaultConfigurationName = Release;
		};
		F6EA82F92CD0259C00718457 /* Build configuration list for PBXNativeTarget "Livelink" */ = {
			isa = XCConfigurationList;
			buildConfigurations = (
				F6EA82FA2CD0259C00718457 /* Debug */,
				F6EA82FB2CD0259C00718457 /* Release */,
			);
			defaultConfigurationIsVisible = 0;
			defaultConfigurationName = Release;
		};
		F6EA82FC2CD0259C00718457 /* Build configuration list for PBXNativeTarget "LivelinkTests" */ = {
			isa = XCConfigurationList;
			buildConfigurations = (
				F6EA82FD2CD0259C00718457 /* Debug */,
				F6EA82FE2CD0259C00718457 /* Release */,
			);
			defaultConfigurationIsVisible = 0;
			defaultConfigurationName = Release;
		};
		F6EA82FF2CD0259C00718457 /* Build configuration list for PBXNativeTarget "LivelinkUITests" */ = {
			isa = XCConfigurationList;
			buildConfigurations = (
				F6EA83002CD0259C00718457 /* Debug */,
				F6EA83012CD0259C00718457 /* Release */,
			);
			defaultConfigurationIsVisible = 0;
			defaultConfigurationName = Release;
		};
/* End XCConfigurationList section */

/* Begin XCRemoteSwiftPackageReference section */
		F6B357FF2CED0D7A003A7939 /* XCRemoteSwiftPackageReference "SwiftSoup" */ = {
			isa = XCRemoteSwiftPackageReference;
			repositoryURL = "https://github.com/scinfu/SwiftSoup.git";
			requirement = {
				kind = upToNextMajorVersion;
				minimumVersion = 2.7.6;
			};
		};
		F6EA830F2CD0280B00718457 /* XCRemoteSwiftPackageReference "firebase-ios-sdk" */ = {
			isa = XCRemoteSwiftPackageReference;
			repositoryURL = "https://github.com/firebase/firebase-ios-sdk";
			requirement = {
				kind = upToNextMajorVersion;
				minimumVersion = 11.4.0;
			};
		};
		F6EA83782CD586A900718457 /* XCRemoteSwiftPackageReference "SwiftUIX" */ = {
			isa = XCRemoteSwiftPackageReference;
			repositoryURL = "https://github.com/SwiftUIX/SwiftUIX";
			requirement = {
				kind = upToNextMajorVersion;
				minimumVersion = 0.2.3;
			};
		};
/* End XCRemoteSwiftPackageReference section */

/* Begin XCSwiftPackageProductDependency section */
		F6B358002CED0D7A003A7939 /* SwiftSoup */ = {
			isa = XCSwiftPackageProductDependency;
			package = F6B357FF2CED0D7A003A7939 /* XCRemoteSwiftPackageReference "SwiftSoup" */;
			productName = SwiftSoup;
		};
		F6EA83102CD0280B00718457 /* FirebaseAuth */ = {
			isa = XCSwiftPackageProductDependency;
			package = F6EA830F2CD0280B00718457 /* XCRemoteSwiftPackageReference "firebase-ios-sdk" */;
			productName = FirebaseAuth;
		};
		F6EA83122CD0280B00718457 /* FirebaseCore */ = {
			isa = XCSwiftPackageProductDependency;
			package = F6EA830F2CD0280B00718457 /* XCRemoteSwiftPackageReference "firebase-ios-sdk" */;
			productName = FirebaseCore;
		};
		F6EA83142CD0280B00718457 /* FirebaseFirestore */ = {
			isa = XCSwiftPackageProductDependency;
			package = F6EA830F2CD0280B00718457 /* XCRemoteSwiftPackageReference "firebase-ios-sdk" */;
			productName = FirebaseFirestore;
		};
		F6EA83162CD0280B00718457 /* FirebaseStorage */ = {
			isa = XCSwiftPackageProductDependency;
			package = F6EA830F2CD0280B00718457 /* XCRemoteSwiftPackageReference "firebase-ios-sdk" */;
			productName = FirebaseStorage;
		};
		F6EA83792CD586A900718457 /* SwiftUIX */ = {
			isa = XCSwiftPackageProductDependency;
			package = F6EA83782CD586A900718457 /* XCRemoteSwiftPackageReference "SwiftUIX" */;
			productName = SwiftUIX;
		};
/* End XCSwiftPackageProductDependency section */
	};
	rootObject = F6EA82CD2CD0259A00718457 /* Project object */;
}
